PODS:
  - SpriteKit-Spring (1.0.1)

DEPENDENCIES:
  - SpriteKit-Spring (from `https://github.com/noahsark769/SpriteKit-Spring.git`, branch `master`)

EXTERNAL SOURCES:
  SpriteKit-Spring:
    :branch: master
    :git: https://github.com/noahsark769/SpriteKit-Spring.git

CHECKOUT OPTIONS:
  SpriteKit-Spring:
    :commit: bafa188b8aaec5838651a5f8e2abd7218e0e1d7a
    :git: https://github.com/noahsark769/SpriteKit-Spring.git

SPEC CHECKSUMS:
  SpriteKit-Spring: 3586bde2cf5d41f5a6af023c4b5bb240eaa3d7b0

PODFILE CHECKSUM: 16eb02cb8303b7be69a8d9bd70cd8cd42527c9a4

COCOAPODS: 1.2.1
