PODS:
  - SpriteKit-Spring (1.0.1)

DEPENDENCIES:
  - SpriteKit-Spring (from `https://github.com/noahsark769/SpriteKit-Spring.git`, branch `fix`)

EXTERNAL SOURCES:
  SpriteKit-Spring:
    :branch: fix
    :git: https://github.com/noahsark769/SpriteKit-Spring.git

CHECKOUT OPTIONS:
  SpriteKit-Spring:
    :commit: 4a93e108e7298b1a9d1e1d80d7b69c6834e6016b
    :git: https://github.com/noahsark769/SpriteKit-Spring.git

SPEC CHECKSUMS:
  SpriteKit-Spring: 3586bde2cf5d41f5a6af023c4b5bb240eaa3d7b0

PODFILE CHECKSUM: c2713f5f8f74534bf5136a87ac55fd35db106ab0

COCOAPODS: 1.2.1
